
Microsoft Visual Studio Solution File, Format Version 12.00
# Visual Studio Version 16
VisualStudioVersion = 16.0.29102.190
MinimumVisualStudioVersion = 10.0.40219.1
Project("{FAE04EC0-301F-11D3-BF4B-00C04F79EFBC}") = "RuleBasedAlertingSystem3", "RuleBasedAlertingSystem3.csproj", "{C1184B68-910E-4377-BE29-E551EC5B9447}"
EndProject
Global
	GlobalSection(SolutionConfigurationPlatforms) = preSolution
		Debug|Any CPU = Debug|Any CPU
		Release|Any CPU = Release|Any CPU
	EndGlobalSection
	GlobalSection(ProjectConfigurationPlatforms) = postSolution
		{C1184B68-910E-4377-BE29-E551EC5B9447}.Debug|Any CPU.ActiveCfg = Debug|Any CPU
		{C1184B68-910E-4377-BE29-E551EC5B9447}.Debug|Any CPU.Build.0 = Debug|Any CPU
		{C1184B68-910E-4377-BE29-E551EC5B9447}.Release|Any CPU.ActiveCfg = Release|Any CPU
		{C1184B68-910E-4377-BE29-E551EC5B9447}.Release|Any CPU.Build.0 = Release|Any CPU
	EndGlobalSection
	GlobalSection(SolutionProperties) = preSolution
		HideSolutionNode = FALSE
	EndGlobalSection
	GlobalSection(ExtensibilityGlobals) = postSolution
		SolutionGuid = {8501D936-3638-4BB0-AFA1-170EEF7CF6A4}
	EndGlobalSection
EndGlobal
